
Microsoft Visual Studio Solution File, Format Version 12.00
# Visual Studio Version 16
VisualStudioVersion = 16.0.30907.101
MinimumVisualStudioVersion = 10.0.40219.1
Project("{FAE04EC0-301F-11D3-BF4B-00C04F79EFBC}") = "Lab_6", "Lab_6\Lab_6.csproj", "{072B8D86-3926-4286-B205-B30746DCA00D}"
EndProject
Global
	GlobalSection(SolutionConfigurationPlatforms) = preSolution
		Debug|Any CPU = Debug|Any CPU
		Release|Any CPU = Release|Any CPU
	EndGlobalSection
	GlobalSection(ProjectConfigurationPlatforms) = postSolution
		{072B8D86-3926-4286-B205-B30746DCA00D}.Debug|Any CPU.ActiveCfg = Debug|Any CPU
		{072B8D86-3926-4286-B205-B30746DCA00D}.Debug|Any CPU.Build.0 = Debug|Any CPU
		{072B8D86-3926-4286-B205-B30746DCA00D}.Release|Any CPU.ActiveCfg = Release|Any CPU
		{072B8D86-3926-4286-B205-B30746DCA00D}.Release|Any CPU.Build.0 = Release|Any CPU
	EndGlobalSection
	GlobalSection(SolutionProperties) = preSolution
		HideSolutionNode = FALSE
	EndGlobalSection
	GlobalSection(ExtensibilityGlobals) = postSolution
		SolutionGuid = {2C74BBE7-639D-40BC-88AB-C0916F079F68}
	EndGlobalSection
EndGlobal
